// !$*UTF8*$!
{
	archiveVersion = 1;
	classes = {
	};
	objectVersion = 46;
	objects = {

/* Begin PBXBuildFile section */
		3C16369719ACE52E00CFD4B0 /* personList.plist in Resources */ = {isa = PBXBuildFile; fileRef = 3C16369619ACE52E00CFD4B0 /* personList.plist */; };
		3C5C7C6019AE3BAE008E5A35 /* DetailViewController in Resources */ = {isa = PBXBuildFile; fileRef = 3C5C7C5F19AE3BAE008E5A35 /* DetailViewController */; };
		3C82A6611996D0C7000C5041 /* AppDelegate.swift in Sources */ = {isa = PBXBuildFile; fileRef = 3C82A6601996D0C7000C5041 /* AppDelegate.swift */; };
		3C82A6631996D0C7000C5041 /* ViewController.swift in Sources */ = {isa = PBXBuildFile; fileRef = 3C82A6621996D0C7000C5041 /* ViewController.swift */; };
		3C82A6661996D0C7000C5041 /* Main.storyboard in Resources */ = {isa = PBXBuildFile; fileRef = 3C82A6641996D0C7000C5041 /* Main.storyboard */; };
		3C82A6681996D0C7000C5041 /* Images.xcassets in Resources */ = {isa = PBXBuildFile; fileRef = 3C82A6671996D0C7000C5041 /* Images.xcassets */; };
		3C82A6741996D0C7000C5041 /* rosterAppTests.swift in Sources */ = {isa = PBXBuildFile; fileRef = 3C82A6731996D0C7000C5041 /* rosterAppTests.swift */; };
		3C82A67E1996D19E000C5041 /* Person.swift in Sources */ = {isa = PBXBuildFile; fileRef = 3C82A67D1996D19E000C5041 /* Person.swift */; };
		3CC242D719971D4B008C19D7 /* classlist.txt in Resources */ = {isa = PBXBuildFile; fileRef = 3CC242D619971D4B008C19D7 /* classlist.txt */; };
		3CF0849F199ED196003BC180 /* DetailViewController.swift in Sources */ = {isa = PBXBuildFile; fileRef = 3CF0849E199ED196003BC180 /* DetailViewController.swift */; };
/* End PBXBuildFile section */

/* Begin PBXContainerItemProxy section */
		3C82A66E1996D0C7000C5041 /* PBXContainerItemProxy */ = {
			isa = PBXContainerItemProxy;
			containerPortal = 3C82A6531996D0C7000C5041 /* Project object */;
			proxyType = 1;
			remoteGlobalIDString = 3C82A65A1996D0C7000C5041;
			remoteInfo = rosterApp;
		};
/* End PBXContainerItemProxy section */

/* Begin PBXFileReference section */
		3C16369619ACE52E00CFD4B0 /* personList.plist */ = {isa = PBXFileReference; fileEncoding = 4; lastKnownFileType = text.plist.xml; path = personList.plist; sourceTree = "<group>"; };
		3C5C7C5F19AE3BAE008E5A35 /* DetailViewController */ = {isa = PBXFileReference; fileEncoding = 4; lastKnownFileType = text; name = DetailViewController; path = ../../../Desktop/DetailViewController; sourceTree = "<group>"; };
		3C82A65B1996D0C7000C5041 /* rosterApp.app */ = {isa = PBXFileReference; explicitFileType = wrapper.application; includeInIndex = 0; path = rosterApp.app; sourceTree = BUILT_PRODUCTS_DIR; };
		3C82A65F1996D0C7000C5041 /* Info.plist */ = {isa = PBXFileReference; lastKnownFileType = text.plist.xml; path = Info.plist; sourceTree = "<group>"; };
		3C82A6601996D0C7000C5041 /* AppDelegate.swift */ = {isa = PBXFileReference; lastKnownFileType = sourcecode.swift; path = AppDelegate.swift; sourceTree = "<group>"; };
		3C82A6621996D0C7000C5041 /* ViewController.swift */ = {isa = PBXFileReference; lastKnownFileType = sourcecode.swift; path = ViewController.swift; sourceTree = "<group>"; };
		3C82A6651996D0C7000C5041 /* Base */ = {isa = PBXFileReference; lastKnownFileType = file.storyboard; name = Base; path = Base.lproj/Main.storyboard; sourceTree = "<group>"; };
		3C82A6671996D0C7000C5041 /* Images.xcassets */ = {isa = PBXFileReference; lastKnownFileType = folder.assetcatalog; path = Images.xcassets; sourceTree = "<group>"; };
		3C82A66D1996D0C7000C5041 /* rosterAppTests.xctest */ = {isa = PBXFileReference; explicitFileType = wrapper.cfbundle; includeInIndex = 0; path = rosterAppTests.xctest; sourceTree = BUILT_PRODUCTS_DIR; };
		3C82A6721996D0C7000C5041 /* Info.plist */ = {isa = PBXFileReference; lastKnownFileType = text.plist.xml; path = Info.plist; sourceTree = "<group>"; };
		3C82A6731996D0C7000C5041 /* rosterAppTests.swift */ = {isa = PBXFileReference; lastKnownFileType = sourcecode.swift; path = rosterAppTests.swift; sourceTree = "<group>"; };
		3C82A67D1996D19E000C5041 /* Person.swift */ = {isa = PBXFileReference; fileEncoding = 4; lastKnownFileType = sourcecode.swift; path = Person.swift; sourceTree = "<group>"; };
		3CC242D619971D4B008C19D7 /* classlist.txt */ = {isa = PBXFileReference; fileEncoding = 4; lastKnownFileType = text; path = classlist.txt; sourceTree = "<group>"; };
		3CF0849E199ED196003BC180 /* DetailViewController.swift */ = {isa = PBXFileReference; fileEncoding = 4; lastKnownFileType = sourcecode.swift; path = DetailViewController.swift; sourceTree = "<group>"; };
/* End PBXFileReference section */

/* Begin PBXFrameworksBuildPhase section */
		3C82A6581996D0C7000C5041 /* Frameworks */ = {
			isa = PBXFrameworksBuildPhase;
			buildActionMask = 2147483647;
			files = (
			);
			runOnlyForDeploymentPostprocessing = 0;
		};
		3C82A66A1996D0C7000C5041 /* Frameworks */ = {
			isa = PBXFrameworksBuildPhase;
			buildActionMask = 2147483647;
			files = (
			);
			runOnlyForDeploymentPostprocessing = 0;
		};
/* End PBXFrameworksBuildPhase section */

/* Begin PBXGroup section */
		3C82A6521996D0C7000C5041 = {
			isa = PBXGroup;
			children = (
				3C82A65D1996D0C7000C5041 /* rosterApp */,
				3C82A6701996D0C7000C5041 /* rosterAppTests */,
				3C82A65C1996D0C7000C5041 /* Products */,
			);
			sourceTree = "<group>";
		};
		3C82A65C1996D0C7000C5041 /* Products */ = {
			isa = PBXGroup;
			children = (
				3C82A65B1996D0C7000C5041 /* rosterApp.app */,
				3C82A66D1996D0C7000C5041 /* rosterAppTests.xctest */,
			);
			name = Products;
			sourceTree = "<group>";
		};
		3C82A65D1996D0C7000C5041 /* rosterApp */ = {
			isa = PBXGroup;
			children = (
				3C82A6601996D0C7000C5041 /* AppDelegate.swift */,
				3CC242D619971D4B008C19D7 /* classlist.txt */,
				3C82A67D1996D19E000C5041 /* Person.swift */,
				3C16369619ACE52E00CFD4B0 /* personList.plist */,
				3C82A6621996D0C7000C5041 /* ViewController.swift */,
				3CF0849E199ED196003BC180 /* DetailViewController.swift */,
				3C5C7C5F19AE3BAE008E5A35 /* DetailViewController */,
				3C82A6641996D0C7000C5041 /* Main.storyboard */,
				3C82A6671996D0C7000C5041 /* Images.xcassets */,
				3C82A65E1996D0C7000C5041 /* Supporting Files */,
			);
			path = rosterApp;
			sourceTree = "<group>";
		};
		3C82A65E1996D0C7000C5041 /* Supporting Files */ = {
			isa = PBXGroup;
			children = (
				3C82A65F1996D0C7000C5041 /* Info.plist */,
			);
			name = "Supporting Files";
			sourceTree = "<group>";
		};
		3C82A6701996D0C7000C5041 /* rosterAppTests */ = {
			isa = PBXGroup;
			children = (
				3C82A6731996D0C7000C5041 /* rosterAppTests.swift */,
				3C82A6711996D0C7000C5041 /* Supporting Files */,
			);
			path = rosterAppTests;
			sourceTree = "<group>";
		};
		3C82A6711996D0C7000C5041 /* Supporting Files */ = {
			isa = PBXGroup;
			children = (
				3C82A6721996D0C7000C5041 /* Info.plist */,
			);
			name = "Supporting Files";
			sourceTree = "<group>";
		};
/* End PBXGroup section */

/* Begin PBXNativeTarget section */
		3C82A65A1996D0C7000C5041 /* rosterApp */ = {
			isa = PBXNativeTarget;
			buildConfigurationList = 3C82A6771996D0C7000C5041 /* Build configuration list for PBXNativeTarget "rosterApp" */;
			buildPhases = (
				3C82A6571996D0C7000C5041 /* Sources */,
				3C82A6581996D0C7000C5041 /* Frameworks */,
				3C82A6591996D0C7000C5041 /* Resources */,
			);
			buildRules = (
			);
			dependencies = (
			);
			name = rosterApp;
			productName = rosterApp;
			productReference = 3C82A65B1996D0C7000C5041 /* rosterApp.app */;
			productType = "com.apple.product-type.application";
		};
		3C82A66C1996D0C7000C5041 /* rosterAppTests */ = {
			isa = PBXNativeTarget;
			buildConfigurationList = 3C82A67A1996D0C7000C5041 /* Build configuration list for PBXNativeTarget "rosterAppTests" */;
			buildPhases = (
				3C82A6691996D0C7000C5041 /* Sources */,
				3C82A66A1996D0C7000C5041 /* Frameworks */,
				3C82A66B1996D0C7000C5041 /* Resources */,
			);
			buildRules = (
			);
			dependencies = (
				3C82A66F1996D0C7000C5041 /* PBXTargetDependency */,
			);
			name = rosterAppTests;
			productName = rosterAppTests;
			productReference = 3C82A66D1996D0C7000C5041 /* rosterAppTests.xctest */;
			productType = "com.apple.product-type.bundle.unit-test";
		};
/* End PBXNativeTarget section */

/* Begin PBXProject section */
		3C82A6531996D0C7000C5041 /* Project object */ = {
			isa = PBXProject;
			attributes = {
				LastUpgradeCheck = 0600;
				ORGANIZATIONNAME = Casey;
				TargetAttributes = {
					3C82A65A1996D0C7000C5041 = {
						CreatedOnToolsVersion = 6.0;
					};
					3C82A66C1996D0C7000C5041 = {
						CreatedOnToolsVersion = 6.0;
						TestTargetID = 3C82A65A1996D0C7000C5041;
					};
				};
			};
			buildConfigurationList = 3C82A6561996D0C7000C5041 /* Build configuration list for PBXProject "rosterApp" */;
			compatibilityVersion = "Xcode 3.2";
			developmentRegion = English;
			hasScannedForEncodings = 0;
			knownRegions = (
				en,
				Base,
			);
			mainGroup = 3C82A6521996D0C7000C5041;
			productRefGroup = 3C82A65C1996D0C7000C5041 /* Products */;
			projectDirPath = "";
			projectRoot = "";
			targets = (
				3C82A65A1996D0C7000C5041 /* rosterApp */,
				3C82A66C1996D0C7000C5041 /* rosterAppTests */,
			);
		};
/* End PBXProject section */

/* Begin PBXResourcesBuildPhase section */
		3C82A6591996D0C7000C5041 /* Resources */ = {
			isa = PBXResourcesBuildPhase;
			buildActionMask = 2147483647;
			files = (
				3CC242D719971D4B008C19D7 /* classlist.txt in Resources */,
				3C16369719ACE52E00CFD4B0 /* personList.plist in Resources */,
				3C82A6661996D0C7000C5041 /* Main.storyboard in Resources */,
				3C82A6681996D0C7000C5041 /* Images.xcassets in Resources */,
				3C5C7C6019AE3BAE008E5A35 /* DetailViewController in Resources */,
			);
			runOnlyForDeploymentPostprocessing = 0;
		};
		3C82A66B1996D0C7000C5041 /* Resources */ = {
			isa = PBXResourcesBuildPhase;
			buildActionMask = 2147483647;
			files = (
			);
			runOnlyForDeploymentPostprocessing = 0;
		};
/* End PBXResourcesBuildPhase section */

/* Begin PBXSourcesBuildPhase section */
		3C82A6571996D0C7000C5041 /* Sources */ = {
			isa = PBXSourcesBuildPhase;
			buildActionMask = 2147483647;
			files = (
				3C82A6631996D0C7000C5041 /* ViewController.swift in Sources */,
				3C82A6611996D0C7000C5041 /* AppDelegate.swift in Sources */,
				3C82A67E1996D19E000C5041 /* Person.swift in Sources */,
				3CF0849F199ED196003BC180 /* DetailViewController.swift in Sources */,
			);
			runOnlyForDeploymentPostprocessing = 0;
		};
		3C82A6691996D0C7000C5041 /* Sources */ = {
			isa = PBXSourcesBuildPhase;
			buildActionMask = 2147483647;
			files = (
				3C82A6741996D0C7000C5041 /* rosterAppTests.swift in Sources */,
			);
			runOnlyForDeploymentPostprocessing = 0;
		};
/* End PBXSourcesBuildPhase section */

/* Begin PBXTargetDependency section */
		3C82A66F1996D0C7000C5041 /* PBXTargetDependency */ = {
			isa = PBXTargetDependency;
			target = 3C82A65A1996D0C7000C5041 /* rosterApp */;
			targetProxy = 3C82A66E1996D0C7000C5041 /* PBXContainerItemProxy */;
		};
/* End PBXTargetDependency section */

/* Begin PBXVariantGroup section */
		3C82A6641996D0C7000C5041 /* Main.storyboard */ = {
			isa = PBXVariantGroup;
			children = (
				3C82A6651996D0C7000C5041 /* Base */,
			);
			name = Main.storyboard;
			sourceTree = "<group>";
		};
/* End PBXVariantGroup section */

/* Begin XCBuildConfiguration section */
		3C82A6751996D0C7000C5041 /* Debug */ = {
			isa = XCBuildConfiguration;
			buildSettings = {
				ALWAYS_SEARCH_USER_PATHS = NO;
				CLANG_CXX_LANGUAGE_STANDARD = "gnu++0x";
				CLANG_CXX_LIBRARY = "libc++";
				CLANG_ENABLE_MODULES = YES;
				CLANG_ENABLE_OBJC_ARC = YES;
				CLANG_WARN_BOOL_CONVERSION = YES;
				CLANG_WARN_CONSTANT_CONVERSION = YES;
				CLANG_WARN_DIRECT_OBJC_ISA_USAGE = YES_ERROR;
				CLANG_WARN_EMPTY_BODY = YES;
				CLANG_WARN_ENUM_CONVERSION = YES;
				CLANG_WARN_INT_CONVERSION = YES;
				CLANG_WARN_OBJC_ROOT_CLASS = YES_ERROR;
				CLANG_WARN_UNREACHABLE_CODE = YES;
				CLANG_WARN__DUPLICATE_METHOD_MATCH = YES;
				"CODE_SIGN_IDENTITY[sdk=iphoneos*]" = "iPhone Developer";
				COPY_PHASE_STRIP = NO;
				ENABLE_STRICT_OBJC_MSGSEND = YES;
				GCC_C_LANGUAGE_STANDARD = gnu99;
				GCC_DYNAMIC_NO_PIC = NO;
				GCC_OPTIMIZATION_LEVEL = 0;
				GCC_PREPROCESSOR_DEFINITIONS = (
					"DEBUG=1",
					"$(inherited)",
				);
				GCC_SYMBOLS_PRIVATE_EXTERN = NO;
				GCC_WARN_64_TO_32_BIT_CONVERSION = YES;
				GCC_WARN_ABOUT_RETURN_TYPE = YES_ERROR;
				GCC_WARN_UNDECLARED_SELECTOR = YES;
				GCC_WARN_UNINITIALIZED_AUTOS = YES_AGGRESSIVE;
				GCC_WARN_UNUSED_FUNCTION = YES;
				GCC_WARN_UNUSED_VARIABLE = YES;
				IPHONEOS_DEPLOYMENT_TARGET = 8.0;
				MTL_ENABLE_DEBUG_INFO = YES;
				ONLY_ACTIVE_ARCH = YES;
				SDKROOT = iphoneos;
				SWIFT_OPTIMIZATION_LEVEL = "-Onone";
			};
			name = Debug;
		};
		3C82A6761996D0C7000C5041 /* Release */ = {
			isa = XCBuildConfiguration;
			buildSettings = {
				ALWAYS_SEARCH_USER_PATHS = NO;
				CLANG_CXX_LANGUAGE_STANDARD = "gnu++0x";
				CLANG_CXX_LIBRARY = "libc++";
				CLANG_ENABLE_MODULES = YES;
				CLANG_ENABLE_OBJC_ARC = YES;
				CLANG_WARN_BOOL_CONVERSION = YES;
				CLANG_WARN_CONSTANT_CONVERSION = YES;
				CLANG_WARN_DIRECT_OBJC_ISA_USAGE = YES_ERROR;
				CLANG_WARN_EMPTY_BODY = YES;
				CLANG_WARN_ENUM_CONVERSION = YES;
				CLANG_WARN_INT_CONVERSION = YES;
				CLANG_WARN_OBJC_ROOT_CLASS = YES_ERROR;
				CLANG_WARN_UNREACHABLE_CODE = YES;
				CLANG_WARN__DUPLICATE_METHOD_MATCH = YES;
				"CODE_SIGN_IDENTITY[sdk=iphoneos*]" = "iPhone Developer";
				COPY_PHASE_STRIP = YES;
				ENABLE_NS_ASSERTIONS = NO;
				ENABLE_STRICT_OBJC_MSGSEND = YES;
				GCC_C_LANGUAGE_STANDARD = gnu99;
				GCC_WARN_64_TO_32_BIT_CONVERSION = YES;
				GCC_WARN_ABOUT_RETURN_TYPE = YES_ERROR;
				GCC_WARN_UNDECLARED_SELECTOR = YES;
				GCC_WARN_UNINITIALIZED_AUTOS = YES_AGGRESSIVE;
				GCC_WARN_UNUSED_FUNCTION = YES;
				GCC_WARN_UNUSED_VARIABLE = YES;
				IPHONEOS_DEPLOYMENT_TARGET = 8.0;
				MTL_ENABLE_DEBUG_INFO = NO;
				SDKROOT = iphoneos;
				VALIDATE_PRODUCT = YES;
			};
			name = Release;
		};
		3C82A6781996D0C7000C5041 /* Debug */ = {
			isa = XCBuildConfiguration;
			buildSettings = {
				ASSETCATALOG_COMPILER_APPICON_NAME = AppIcon;
				ASSETCATALOG_COMPILER_LAUNCHIMAGE_NAME = LaunchImage;
				INFOPLIST_FILE = rosterApp/Info.plist;
				LD_RUNPATH_SEARCH_PATHS = "$(inherited) @executable_path/Frameworks";
				PRODUCT_NAME = "$(TARGET_NAME)";
			};
			name = Debug;
		};
		3C82A6791996D0C7000C5041 /* Release */ = {
			isa = XCBuildConfiguration;
			buildSettings = {
				ASSETCATALOG_COMPILER_APPICON_NAME = AppIcon;
				ASSETCATALOG_COMPILER_LAUNCHIMAGE_NAME = LaunchImage;
				INFOPLIST_FILE = rosterApp/Info.plist;
				LD_RUNPATH_SEARCH_PATHS = "$(inherited) @executable_path/Frameworks";
				PRODUCT_NAME = "$(TARGET_NAME)";
			};
			name = Release;
		};
		3C82A67B1996D0C7000C5041 /* Debug */ = {
			isa = XCBuildConfiguration;
			buildSettings = {
				BUNDLE_LOADER = "$(TEST_HOST)";
				FRAMEWORK_SEARCH_PATHS = (
					"$(SDKROOT)/Developer/Library/Frameworks",
					"$(inherited)",
				);
				GCC_PREPROCESSOR_DEFINITIONS = (
					"DEBUG=1",
					"$(inherited)",
				);
				INFOPLIST_FILE = rosterAppTests/Info.plist;
				LD_RUNPATH_SEARCH_PATHS = "$(inherited) @executable_path/Frameworks @loader_path/Frameworks";
				PRODUCT_NAME = "$(TARGET_NAME)";
				TEST_HOST = "$(BUILT_PRODUCTS_DIR)/rosterApp.app/rosterApp";
			};
			name = Debug;
		};
		3C82A67C1996D0C7000C5041 /* Release */ = {
			isa = XCBuildConfiguration;
			buildSettings = {
				BUNDLE_LOADER = "$(TEST_HOST)";
				FRAMEWORK_SEARCH_PATHS = (
					"$(SDKROOT)/Developer/Library/Frameworks",
					"$(inherited)",
				);
				INFOPLIST_FILE = rosterAppTests/Info.plist;
				LD_RUNPATH_SEARCH_PATHS = "$(inherited) @executable_path/Frameworks @loader_path/Frameworks";
				PRODUCT_NAME = "$(TARGET_NAME)";
				TEST_HOST = "$(BUILT_PRODUCTS_DIR)/rosterApp.app/rosterApp";
			};
			name = Release;
		};
/* End XCBuildConfiguration section */

/* Begin XCConfigurationList section */
		3C82A6561996D0C7000C5041 /* Build configuration list for PBXProject "rosterApp" */ = {
			isa = XCConfigurationList;
			buildConfigurations = (
				3C82A6751996D0C7000C5041 /* Debug */,
				3C82A6761996D0C7000C5041 /* Release */,
			);
			defaultConfigurationIsVisible = 0;
			defaultConfigurationName = Release;
		};
		3C82A6771996D0C7000C5041 /* Build configuration list for PBXNativeTarget "rosterApp" */ = {
			isa = XCConfigurationList;
			buildConfigurations = (
				3C82A6781996D0C7000C5041 /* Debug */,
				3C82A6791996D0C7000C5041 /* Release */,
			);
			defaultConfigurationIsVisible = 0;
			defaultConfigurationName = Release;
		};
		3C82A67A1996D0C7000C5041 /* Build configuration list for PBXNativeTarget "rosterAppTests" */ = {
			isa = XCConfigurationList;
			buildConfigurations = (
				3C82A67B1996D0C7000C5041 /* Debug */,
				3C82A67C1996D0C7000C5041 /* Release */,
			);
			defaultConfigurationIsVisible = 0;
			defaultConfigurationName = Release;
		};
/* End XCConfigurationList section */
	};
	rootObject = 3C82A6531996D0C7000C5041 /* Project object */;
}
